
Microsoft Visual Studio Solution File, Format Version 12.00
# Visual Studio 15
VisualStudioVersion = 15.0.28307.168
MinimumVisualStudioVersion = 10.0.40219.1
Project("{F184B08F-C81C-45F6-A57F-5ABD9991F28F}") = "WindowsApp1", "WindowsApp1\WindowsApp1.vbproj", "{51C59F5E-BC00-4137-8DC5-22FFF288FEA8}"
EndProject
Global
	GlobalSection(SolutionConfigurationPlatforms) = preSolution
		Debug|Any CPU = Debug|Any CPU
		Release|Any CPU = Release|Any CPU
	EndGlobalSection
	GlobalSection(ProjectConfigurationPlatforms) = postSolution
		{51C59F5E-BC00-4137-8DC5-22FFF288FEA8}.Debug|Any CPU.ActiveCfg = Debug|Any CPU
		{51C59F5E-BC00-4137-8DC5-22FFF288FEA8}.Debug|Any CPU.Build.0 = Debug|Any CPU
		{51C59F5E-BC00-4137-8DC5-22FFF288FEA8}.Release|Any CPU.ActiveCfg = Release|Any CPU
		{51C59F5E-BC00-4137-8DC5-22FFF288FEA8}.Release|Any CPU.Build.0 = Release|Any CPU
	EndGlobalSection
	GlobalSection(SolutionProperties) = preSolution
		HideSolutionNode = FALSE
	EndGlobalSection
	GlobalSection(ExtensibilityGlobals) = postSolution
		SolutionGuid = {AB4DF479-47CA-4C32-A0B3-B30E32A29404}
	EndGlobalSection
EndGlobal
