
Microsoft Visual Studio Solution File, Format Version 12.00
# Visual Studio 15
VisualStudioVersion = 15.0.28010.2041
MinimumVisualStudioVersion = 10.0.40219.1
Project("{F184B08F-C81C-45F6-A57F-5ABD9991F28F}") = "ConsoleApp2", "ConsoleApp2\ConsoleApp2.vbproj", "{40D19655-D4A7-41D4-8844-190DB0B76E52}"
EndProject
Global
	GlobalSection(SolutionConfigurationPlatforms) = preSolution
		Debug|Any CPU = Debug|Any CPU
		Release|Any CPU = Release|Any CPU
	EndGlobalSection
	GlobalSection(ProjectConfigurationPlatforms) = postSolution
		{40D19655-D4A7-41D4-8844-190DB0B76E52}.Debug|Any CPU.ActiveCfg = Debug|Any CPU
		{40D19655-D4A7-41D4-8844-190DB0B76E52}.Debug|Any CPU.Build.0 = Debug|Any CPU
		{40D19655-D4A7-41D4-8844-190DB0B76E52}.Release|Any CPU.ActiveCfg = Release|Any CPU
		{40D19655-D4A7-41D4-8844-190DB0B76E52}.Release|Any CPU.Build.0 = Release|Any CPU
	EndGlobalSection
	GlobalSection(SolutionProperties) = preSolution
		HideSolutionNode = FALSE
	EndGlobalSection
	GlobalSection(ExtensibilityGlobals) = postSolution
		SolutionGuid = {F52A634A-2AD1-4029-9AB6-DD306E064135}
	EndGlobalSection
EndGlobal
