
Microsoft Visual Studio Solution File, Format Version 12.00
# Visual Studio 15
VisualStudioVersion = 15.0.28307.168
MinimumVisualStudioVersion = 10.0.40219.1
Project("{F184B08F-C81C-45F6-A57F-5ABD9991F28F}") = "WindowsApp1", "WindowsApp1\WindowsApp1.vbproj", "{FBC7F3C6-395B-4CF5-BE1E-893DA7A1B97A}"
EndProject
Global
	GlobalSection(SolutionConfigurationPlatforms) = preSolution
		Debug|Any CPU = Debug|Any CPU
		Release|Any CPU = Release|Any CPU
	EndGlobalSection
	GlobalSection(ProjectConfigurationPlatforms) = postSolution
		{FBC7F3C6-395B-4CF5-BE1E-893DA7A1B97A}.Debug|Any CPU.ActiveCfg = Debug|Any CPU
		{FBC7F3C6-395B-4CF5-BE1E-893DA7A1B97A}.Debug|Any CPU.Build.0 = Debug|Any CPU
		{FBC7F3C6-395B-4CF5-BE1E-893DA7A1B97A}.Release|Any CPU.ActiveCfg = Release|Any CPU
		{FBC7F3C6-395B-4CF5-BE1E-893DA7A1B97A}.Release|Any CPU.Build.0 = Release|Any CPU
	EndGlobalSection
	GlobalSection(SolutionProperties) = preSolution
		HideSolutionNode = FALSE
	EndGlobalSection
	GlobalSection(ExtensibilityGlobals) = postSolution
		SolutionGuid = {6E3922DC-1400-4518-B45D-CEDF40988518}
	EndGlobalSection
EndGlobal
