
Microsoft Visual Studio Solution File, Format Version 12.00
# Visual Studio 15
VisualStudioVersion = 15.0.28307.136
MinimumVisualStudioVersion = 10.0.40219.1
Project("{F184B08F-C81C-45F6-A57F-5ABD9991F28F}") = "WindowsApp5", "WindowsApp5\WindowsApp5.vbproj", "{E8C21824-87C7-410A-902F-522EEF817F5C}"
EndProject
Global
	GlobalSection(SolutionConfigurationPlatforms) = preSolution
		Debug|Any CPU = Debug|Any CPU
		Release|Any CPU = Release|Any CPU
	EndGlobalSection
	GlobalSection(ProjectConfigurationPlatforms) = postSolution
		{E8C21824-87C7-410A-902F-522EEF817F5C}.Debug|Any CPU.ActiveCfg = Debug|Any CPU
		{E8C21824-87C7-410A-902F-522EEF817F5C}.Debug|Any CPU.Build.0 = Debug|Any CPU
		{E8C21824-87C7-410A-902F-522EEF817F5C}.Release|Any CPU.ActiveCfg = Release|Any CPU
		{E8C21824-87C7-410A-902F-522EEF817F5C}.Release|Any CPU.Build.0 = Release|Any CPU
	EndGlobalSection
	GlobalSection(SolutionProperties) = preSolution
		HideSolutionNode = FALSE
	EndGlobalSection
	GlobalSection(ExtensibilityGlobals) = postSolution
		SolutionGuid = {D19F0298-A6B7-4CA1-8692-74AE41F00488}
	EndGlobalSection
EndGlobal
