
Microsoft Visual Studio Solution File, Format Version 12.00
# Visual Studio 15
VisualStudioVersion = 15.0.28010.2041
MinimumVisualStudioVersion = 10.0.40219.1
Project("{FAE04EC0-301F-11D3-BF4B-00C04F79EFBC}") = "ConsoleApp1", "ConsoleApp1\ConsoleApp1.csproj", "{3A8C8BB4-771C-44D9-A3AF-7274F99574A3}"
EndProject
Global
	GlobalSection(SolutionConfigurationPlatforms) = preSolution
		Debug|Any CPU = Debug|Any CPU
		Release|Any CPU = Release|Any CPU
	EndGlobalSection
	GlobalSection(ProjectConfigurationPlatforms) = postSolution
		{3A8C8BB4-771C-44D9-A3AF-7274F99574A3}.Debug|Any CPU.ActiveCfg = Debug|Any CPU
		{3A8C8BB4-771C-44D9-A3AF-7274F99574A3}.Debug|Any CPU.Build.0 = Debug|Any CPU
		{3A8C8BB4-771C-44D9-A3AF-7274F99574A3}.Release|Any CPU.ActiveCfg = Release|Any CPU
		{3A8C8BB4-771C-44D9-A3AF-7274F99574A3}.Release|Any CPU.Build.0 = Release|Any CPU
	EndGlobalSection
	GlobalSection(SolutionProperties) = preSolution
		HideSolutionNode = FALSE
	EndGlobalSection
	GlobalSection(ExtensibilityGlobals) = postSolution
		SolutionGuid = {811E0E2B-C194-437A-8EAB-61E2CE155966}
	EndGlobalSection
EndGlobal
