
Microsoft Visual Studio Solution File, Format Version 12.00
# Visual Studio 15
VisualStudioVersion = 15.0.28307.168
MinimumVisualStudioVersion = 10.0.40219.1
Project("{F184B08F-C81C-45F6-A57F-5ABD9991F28F}") = "ConsoleApp2", "ConsoleApp2\ConsoleApp2.vbproj", "{36819920-EE5F-4958-A749-35BCFAF18D64}"
EndProject
Global
	GlobalSection(SolutionConfigurationPlatforms) = preSolution
		Debug|Any CPU = Debug|Any CPU
		Release|Any CPU = Release|Any CPU
	EndGlobalSection
	GlobalSection(ProjectConfigurationPlatforms) = postSolution
		{36819920-EE5F-4958-A749-35BCFAF18D64}.Debug|Any CPU.ActiveCfg = Debug|Any CPU
		{36819920-EE5F-4958-A749-35BCFAF18D64}.Debug|Any CPU.Build.0 = Debug|Any CPU
		{36819920-EE5F-4958-A749-35BCFAF18D64}.Release|Any CPU.ActiveCfg = Release|Any CPU
		{36819920-EE5F-4958-A749-35BCFAF18D64}.Release|Any CPU.Build.0 = Release|Any CPU
	EndGlobalSection
	GlobalSection(SolutionProperties) = preSolution
		HideSolutionNode = FALSE
	EndGlobalSection
	GlobalSection(ExtensibilityGlobals) = postSolution
		SolutionGuid = {AEF5BE19-67C8-4E67-B46D-9BD6FE4E2CC2}
	EndGlobalSection
EndGlobal
